
Microsoft Visual Studio Solution File, Format Version 12.00
# Visual Studio 15
VisualStudioVersion = 15.0.27703.2042
MinimumVisualStudioVersion = 10.0.40219.1
Project("{FAE04EC0-301F-11D3-BF4B-00C04F79EFBC}") = "BossBot", "BossBot.csproj", "{E7A6A129-E14C-4F33-B03D-E5687E716AF7}"
EndProject
Global
	GlobalSection(SolutionConfigurationPlatforms) = preSolution
		Debug|Any CPU = Debug|Any CPU
		Release|Any CPU = Release|Any CPU
	EndGlobalSection
	GlobalSection(ProjectConfigurationPlatforms) = postSolution
		{E7A6A129-E14C-4F33-B03D-E5687E716AF7}.Debug|Any CPU.ActiveCfg = Debug|Any CPU
		{E7A6A129-E14C-4F33-B03D-E5687E716AF7}.Debug|Any CPU.Build.0 = Debug|Any CPU
		{E7A6A129-E14C-4F33-B03D-E5687E716AF7}.Release|Any CPU.ActiveCfg = Release|Any CPU
		{E7A6A129-E14C-4F33-B03D-E5687E716AF7}.Release|Any CPU.Build.0 = Release|Any CPU
	EndGlobalSection
	GlobalSection(SolutionProperties) = preSolution
		HideSolutionNode = FALSE
	EndGlobalSection
	GlobalSection(ExtensibilityGlobals) = postSolution
		SolutionGuid = {AB82BEF1-FB19-49D0-B631-A3B6C32F2696}
	EndGlobalSection
EndGlobal
